
Microsoft Visual Studio Solution File, Format Version 12.00
# Visual Studio Version 17
VisualStudioVersion = 17.0.31903.59
MinimumVisualStudioVersion = 10.0.40219.1
Project("{FAE04EC0-301F-11D3-BF4B-00C04F79EFBC}") = "Ecommerce.API", "Ecommerce.API\Ecommerce.API.csproj", "{CD536838-F877-4098-B2E3-4B1E42D8ECF8}"
EndProject
Project("{FAE04EC0-301F-11D3-BF4B-00C04F79EFBC}") = "Ecommerce.Base", "Ecommerce.Base\Ecommerce.Base.csproj", "{6E837877-927B-4FD8-855F-8F4EF107D4BA}"
EndProject
Project("{FAE04EC0-301F-11D3-BF4B-00C04F79EFBC}") = "Ecommerce.Repositories", "Ecommerce.Repositories\Ecommerce.Repositories.csproj", "{BCCEA8EB-13EC-4A6A-BF11-0C1AA5878143}"
EndProject
Project("{FAE04EC0-301F-11D3-BF4B-00C04F79EFBC}") = "Ecommerce.Services", "Ecommerce.Services\Ecommerce.Services.csproj", "{4377AEF5-8107-4AF2-A010-2240A4214FA7}"
EndProject
Global
	GlobalSection(SolutionConfigurationPlatforms) = preSolution
		Debug|Any CPU = Debug|Any CPU
		Debug|x64 = Debug|x64
		Debug|x86 = Debug|x86
		Release|Any CPU = Release|Any CPU
		Release|x64 = Release|x64
		Release|x86 = Release|x86
	EndGlobalSection
	GlobalSection(ProjectConfigurationPlatforms) = postSolution
		{CD536838-F877-4098-B2E3-4B1E42D8ECF8}.Debug|Any CPU.ActiveCfg = Debug|Any CPU
		{CD536838-F877-4098-B2E3-4B1E42D8ECF8}.Debug|Any CPU.Build.0 = Debug|Any CPU
		{CD536838-F877-4098-B2E3-4B1E42D8ECF8}.Debug|x64.ActiveCfg = Debug|Any CPU
		{CD536838-F877-4098-B2E3-4B1E42D8ECF8}.Debug|x64.Build.0 = Debug|Any CPU
		{CD536838-F877-4098-B2E3-4B1E42D8ECF8}.Debug|x86.ActiveCfg = Debug|Any CPU
		{CD536838-F877-4098-B2E3-4B1E42D8ECF8}.Debug|x86.Build.0 = Debug|Any CPU
		{CD536838-F877-4098-B2E3-4B1E42D8ECF8}.Release|Any CPU.ActiveCfg = Release|Any CPU
		{CD536838-F877-4098-B2E3-4B1E42D8ECF8}.Release|Any CPU.Build.0 = Release|Any CPU
		{CD536838-F877-4098-B2E3-4B1E42D8ECF8}.Release|x64.ActiveCfg = Release|Any CPU
		{CD536838-F877-4098-B2E3-4B1E42D8ECF8}.Release|x64.Build.0 = Release|Any CPU
		{CD536838-F877-4098-B2E3-4B1E42D8ECF8}.Release|x86.ActiveCfg = Release|Any CPU
		{CD536838-F877-4098-B2E3-4B1E42D8ECF8}.Release|x86.Build.0 = Release|Any CPU
		{6E837877-927B-4FD8-855F-8F4EF107D4BA}.Debug|Any CPU.ActiveCfg = Debug|Any CPU
		{6E837877-927B-4FD8-855F-8F4EF107D4BA}.Debug|Any CPU.Build.0 = Debug|Any CPU
		{6E837877-927B-4FD8-855F-8F4EF107D4BA}.Debug|x64.ActiveCfg = Debug|Any CPU
		{6E837877-927B-4FD8-855F-8F4EF107D4BA}.Debug|x64.Build.0 = Debug|Any CPU
		{6E837877-927B-4FD8-855F-8F4EF107D4BA}.Debug|x86.ActiveCfg = Debug|Any CPU
		{6E837877-927B-4FD8-855F-8F4EF107D4BA}.Debug|x86.Build.0 = Debug|Any CPU
		{6E837877-927B-4FD8-855F-8F4EF107D4BA}.Release|Any CPU.ActiveCfg = Release|Any CPU
		{6E837877-927B-4FD8-855F-8F4EF107D4BA}.Release|Any CPU.Build.0 = Release|Any CPU
		{6E837877-927B-4FD8-855F-8F4EF107D4BA}.Release|x64.ActiveCfg = Release|Any CPU
		{6E837877-927B-4FD8-855F-8F4EF107D4BA}.Release|x64.Build.0 = Release|Any CPU
		{6E837877-927B-4FD8-855F-8F4EF107D4BA}.Release|x86.ActiveCfg = Release|Any CPU
		{6E837877-927B-4FD8-855F-8F4EF107D4BA}.Release|x86.Build.0 = Release|Any CPU
		{BCCEA8EB-13EC-4A6A-BF11-0C1AA5878143}.Debug|Any CPU.ActiveCfg = Debug|Any CPU
		{BCCEA8EB-13EC-4A6A-BF11-0C1AA5878143}.Debug|Any CPU.Build.0 = Debug|Any CPU
		{BCCEA8EB-13EC-4A6A-BF11-0C1AA5878143}.Debug|x64.ActiveCfg = Debug|Any CPU
		{BCCEA8EB-13EC-4A6A-BF11-0C1AA5878143}.Debug|x64.Build.0 = Debug|Any CPU
		{BCCEA8EB-13EC-4A6A-BF11-0C1AA5878143}.Debug|x86.ActiveCfg = Debug|Any CPU
		{BCCEA8EB-13EC-4A6A-BF11-0C1AA5878143}.Debug|x86.Build.0 = Debug|Any CPU
		{BCCEA8EB-13EC-4A6A-BF11-0C1AA5878143}.Release|Any CPU.ActiveCfg = Release|Any CPU
		{BCCEA8EB-13EC-4A6A-BF11-0C1AA5878143}.Release|Any CPU.Build.0 = Release|Any CPU
		{BCCEA8EB-13EC-4A6A-BF11-0C1AA5878143}.Release|x64.ActiveCfg = Release|Any CPU
		{BCCEA8EB-13EC-4A6A-BF11-0C1AA5878143}.Release|x64.Build.0 = Release|Any CPU
		{BCCEA8EB-13EC-4A6A-BF11-0C1AA5878143}.Release|x86.ActiveCfg = Release|Any CPU
		{BCCEA8EB-13EC-4A6A-BF11-0C1AA5878143}.Release|x86.Build.0 = Release|Any CPU
		{4377AEF5-8107-4AF2-A010-2240A4214FA7}.Debug|Any CPU.ActiveCfg = Debug|Any CPU
		{4377AEF5-8107-4AF2-A010-2240A4214FA7}.Debug|Any CPU.Build.0 = Debug|Any CPU
		{4377AEF5-8107-4AF2-A010-2240A4214FA7}.Debug|x64.ActiveCfg = Debug|Any CPU
		{4377AEF5-8107-4AF2-A010-2240A4214FA7}.Debug|x64.Build.0 = Debug|Any CPU
		{4377AEF5-8107-4AF2-A010-2240A4214FA7}.Debug|x86.ActiveCfg = Debug|Any CPU
		{4377AEF5-8107-4AF2-A010-2240A4214FA7}.Debug|x86.Build.0 = Debug|Any CPU
		{4377AEF5-8107-4AF2-A010-2240A4214FA7}.Release|Any CPU.ActiveCfg = Release|Any CPU
		{4377AEF5-8107-4AF2-A010-2240A4214FA7}.Release|Any CPU.Build.0 = Release|Any CPU
		{4377AEF5-8107-4AF2-A010-2240A4214FA7}.Release|x64.ActiveCfg = Release|Any CPU
		{4377AEF5-8107-4AF2-A010-2240A4214FA7}.Release|x64.Build.0 = Release|Any CPU
		{4377AEF5-8107-4AF2-A010-2240A4214FA7}.Release|x86.ActiveCfg = Release|Any CPU
		{4377AEF5-8107-4AF2-A010-2240A4214FA7}.Release|x86.Build.0 = Release|Any CPU
	EndGlobalSection
	GlobalSection(SolutionProperties) = preSolution
		HideSolutionNode = FALSE
	EndGlobalSection
EndGlobal
